
Microsoft Visual Studio Solution File, Format Version 12.00
# Visual Studio Version 17
VisualStudioVersion = 17.7.34221.43
MinimumVisualStudioVersion = 10.0.40219.1
Project("{FAE04EC0-301F-11D3-BF4B-00C04F79EFBC}") = "Product.ConsoleApp", "Product.ConsoleApp\Product.ConsoleApp.csproj", "{906BE4ED-7EF8-440C-A534-B02B51B591B3}"
EndProject
Project("{FAE04EC0-301F-11D3-BF4B-00C04F79EFBC}") = "Product.Core", "Product.Core\Product.Core.csproj", "{AD5128BD-79B3-45A6-AAB8-673E6ABF0A45}"
EndProject
Project("{FAE04EC0-301F-11D3-BF4B-00C04F79EFBC}") = "Product.Business", "Product.Business\Product.Business.csproj", "{C075B33C-94C1-4C63-B2CB-9003222D1D38}"
EndProject
Global
	GlobalSection(SolutionConfigurationPlatforms) = preSolution
		Debug|Any CPU = Debug|Any CPU
		Release|Any CPU = Release|Any CPU
	EndGlobalSection
	GlobalSection(ProjectConfigurationPlatforms) = postSolution
		{906BE4ED-7EF8-440C-A534-B02B51B591B3}.Debug|Any CPU.ActiveCfg = Debug|Any CPU
		{906BE4ED-7EF8-440C-A534-B02B51B591B3}.Debug|Any CPU.Build.0 = Debug|Any CPU
		{906BE4ED-7EF8-440C-A534-B02B51B591B3}.Release|Any CPU.ActiveCfg = Release|Any CPU
		{906BE4ED-7EF8-440C-A534-B02B51B591B3}.Release|Any CPU.Build.0 = Release|Any CPU
		{AD5128BD-79B3-45A6-AAB8-673E6ABF0A45}.Debug|Any CPU.ActiveCfg = Debug|Any CPU
		{AD5128BD-79B3-45A6-AAB8-673E6ABF0A45}.Debug|Any CPU.Build.0 = Debug|Any CPU
		{AD5128BD-79B3-45A6-AAB8-673E6ABF0A45}.Release|Any CPU.ActiveCfg = Release|Any CPU
		{AD5128BD-79B3-45A6-AAB8-673E6ABF0A45}.Release|Any CPU.Build.0 = Release|Any CPU
		{C075B33C-94C1-4C63-B2CB-9003222D1D38}.Debug|Any CPU.ActiveCfg = Debug|Any CPU
		{C075B33C-94C1-4C63-B2CB-9003222D1D38}.Debug|Any CPU.Build.0 = Debug|Any CPU
		{C075B33C-94C1-4C63-B2CB-9003222D1D38}.Release|Any CPU.ActiveCfg = Release|Any CPU
		{C075B33C-94C1-4C63-B2CB-9003222D1D38}.Release|Any CPU.Build.0 = Release|Any CPU
	EndGlobalSection
	GlobalSection(SolutionProperties) = preSolution
		HideSolutionNode = FALSE
	EndGlobalSection
	GlobalSection(ExtensibilityGlobals) = postSolution
		SolutionGuid = {A27DE515-3D5E-4BA9-B16B-E5E2404BEA43}
	EndGlobalSection
EndGlobal
